{
  "name": "e-function",
  "version": "1.0.0",
  "lockfileVersion": 2,
  "requires": true,
  "packages": {
    "": {
      "name": "e-function",
      "version": "1.0.0",
      "license": "MIT",
      "dependencies": {
        "docdash": "^2.0.0"
      }
    },
    "node_modules/@jsdoc/salty": {
      "version": "0.2.2",
      "resolved": "https://registry.npmmirror.com/@jsdoc/salty/-/salty-0.2.2.tgz",
      "integrity": "sha512-A1FrVnc7L9qI2gUGsfN0trTiJNK72Y0CL/VAyrmYEmeKI3pnHDawP64CEev31XLyAAOx2xmDo3tbadPxC0CSbw==",
      "dependencies": {
        "lodash": "^4.17.21"
      },
      "engines": {
        "node": ">=v12.0.0"
      }
    },
    "node_modules/docdash": {
      "version": "2.0.0",
      "resolved": "https://registry.npmmirror.com/docdash/-/docdash-2.0.0.tgz",
      "integrity": "sha512-AxxZwrMLmiArEHJirdyZmW6YTBKxkd/Z5V9U2EU1crIMtpgoU/cH7Hnc9n1E0lzB1ZSam+VVMSnvlc+9+GUGVg==",
      "dependencies": {
        "@jsdoc/salty": "^0.2.1"
      }
    },
    "node_modules/lodash": {
      "version": "4.17.21",
      "resolved": "https://registry.npmmirror.com/lodash/-/lodash-4.17.21.tgz",
      "integrity": "sha512-v2kDEe57lecTulaDIuNTPy3Ry4gLGJ6Z1O3vE1krgXZNrsQ+LFTGHVxVjcXPs17LhbZVGedAJv8XZ1tvj5FvSg=="
    }
  },
  "dependencies": {
    "@jsdoc/salty": {
      "version": "0.2.2",
      "resolved": "https://registry.npmmirror.com/@jsdoc/salty/-/salty-0.2.2.tgz",
      "integrity": "sha512-A1FrVnc7L9qI2gUGsfN0trTiJNK72Y0CL/VAyrmYEmeKI3pnHDawP64CEev31XLyAAOx2xmDo3tbadPxC0CSbw==",
      "requires": {
        "lodash": "^4.17.21"
      }
    },
    "docdash": {
      "version": "2.0.0",
      "resolved": "https://registry.npmmirror.com/docdash/-/docdash-2.0.0.tgz",
      "integrity": "sha512-AxxZwrMLmiArEHJirdyZmW6YTBKxkd/Z5V9U2EU1crIMtpgoU/cH7Hnc9n1E0lzB1ZSam+VVMSnvlc+9+GUGVg==",
      "requires": {
        "@jsdoc/salty": "^0.2.1"
      }
    },
    "lodash": {
      "version": "4.17.21",
      "resolved": "https://registry.npmmirror.com/lodash/-/lodash-4.17.21.tgz",
      "integrity": "sha512-v2kDEe57lecTulaDIuNTPy3Ry4gLGJ6Z1O3vE1krgXZNrsQ+LFTGHVxVjcXPs17LhbZVGedAJv8XZ1tvj5FvSg=="
    }
  }
}
